// !$*UTF8*$!
{
	archiveVersion = 1;
	classes = {
	};
	objectVersion = 52;
	objects = {

/* Begin PBXBuildFile section */
		1CD8E4DCAEEDDD6D8BAD560F /* libPods-Coronavirus.a in Frameworks */ = {isa = PBXBuildFile; fileRef = 20AB6969D398E876C3A2B240 /* libPods-Coronavirus.a */; };
		A41D277C240674A400BC964F /* AppDelegate.swift in Sources */ = {isa = PBXBuildFile; fileRef = A41D277B240674A400BC964F /* AppDelegate.swift */; };
		A41D277E240674A400BC964F /* SceneDelegate.swift in Sources */ = {isa = PBXBuildFile; fileRef = A41D277D240674A400BC964F /* SceneDelegate.swift */; };
		A41D2785240674A900BC964F /* Assets.xcassets in Resources */ = {isa = PBXBuildFile; fileRef = A41D2784240674A900BC964F /* Assets.xcassets */; };
		A41D2788240674A900BC964F /* LaunchScreen.storyboard in Resources */ = {isa = PBXBuildFile; fileRef = A41D2786240674A900BC964F /* LaunchScreen.storyboard */; };
		A41D27902406837700BC964F /* Network.swift in Sources */ = {isa = PBXBuildFile; fileRef = A41D278F2406837600BC964F /* Network.swift */; };
		A443529124113A47008D25D0 /* GoogleService-Info.plist in Resources */ = {isa = PBXBuildFile; fileRef = A443529024113A47008D25D0 /* GoogleService-Info.plist */; };
		A443B5B324126623001F280E /* Alamofire in Frameworks */ = {isa = PBXBuildFile; productRef = A443B5B224126623001F280E /* Alamofire */; };
		B619AB4B243B650000118817 /* MainTabViewController.swift in Sources */ = {isa = PBXBuildFile; fileRef = B619AB4A243B650000118817 /* MainTabViewController.swift */; };
		B619AB4D243B663F00118817 /* MapViewController.swift in Sources */ = {isa = PBXBuildFile; fileRef = B619AB4C243B663F00118817 /* MapViewController.swift */; };
		B619AB4F243B6DEC00118817 /* MapViewModel.swift in Sources */ = {isa = PBXBuildFile; fileRef = B619AB4E243B6DEC00118817 /* MapViewModel.swift */; };
		B619AB54243B729000118817 /* MapProtocols.swift in Sources */ = {isa = PBXBuildFile; fileRef = B619AB53243B729000118817 /* MapProtocols.swift */; };
		B619AB56243B7A7E00118817 /* GoogleMapsView.swift in Sources */ = {isa = PBXBuildFile; fileRef = B619AB55243B7A7E00118817 /* GoogleMapsView.swift */; };
		B619AB58243CBF1400118817 /* BaseProtocol.swift in Sources */ = {isa = PBXBuildFile; fileRef = B619AB57243CBF1400118817 /* BaseProtocol.swift */; };
		B6405D2B243CE70C0085289B /* Main.storyboard in Resources */ = {isa = PBXBuildFile; fileRef = B6405D2A243CE70C0085289B /* Main.storyboard */; };
		B64C8E13243946D4008C016D /* AlamofireImage in Frameworks */ = {isa = PBXBuildFile; productRef = B64C8E12243946D4008C016D /* AlamofireImage */; };
		B69B1E22243CD2C6007BFEF0 /* Coronavirus.swift in Sources */ = {isa = PBXBuildFile; fileRef = B69B1E21243CD2C6007BFEF0 /* Coronavirus.swift */; };
		B69B1E28243CDD96007BFEF0 /* CovidTableViewController.swift in Sources */ = {isa = PBXBuildFile; fileRef = B69B1E27243CDD96007BFEF0 /* CovidTableViewController.swift */; };
		B69B1E2A243CDDB2007BFEF0 /* Table.storyboard in Resources */ = {isa = PBXBuildFile; fileRef = B69B1E29243CDDB2007BFEF0 /* Table.storyboard */; };
		B69B1E2C243CE209007BFEF0 /* TabProtocol.swift in Sources */ = {isa = PBXBuildFile; fileRef = B69B1E2B243CE209007BFEF0 /* TabProtocol.swift */; };
		B69B1E2E243CE359007BFEF0 /* Map.storyboard in Resources */ = {isa = PBXBuildFile; fileRef = B69B1E2D243CE359007BFEF0 /* Map.storyboard */; };
/* End PBXBuildFile section */

/* Begin PBXFileReference section */
		20AB6969D398E876C3A2B240 /* libPods-Coronavirus.a */ = {isa = PBXFileReference; explicitFileType = archive.ar; includeInIndex = 0; path = "libPods-Coronavirus.a"; sourceTree = BUILT_PRODUCTS_DIR; };
		25EF74D3840D18FAFF6F2F4A /* Pods-Coronavirus.release.xcconfig */ = {isa = PBXFileReference; includeInIndex = 1; lastKnownFileType = text.xcconfig; name = "Pods-Coronavirus.release.xcconfig"; path = "Target Support Files/Pods-Coronavirus/Pods-Coronavirus.release.xcconfig"; sourceTree = "<group>"; };
		A41D2778240674A400BC964F /* Coronavirus.app */ = {isa = PBXFileReference; explicitFileType = wrapper.application; includeInIndex = 0; path = Coronavirus.app; sourceTree = BUILT_PRODUCTS_DIR; };
		A41D277B240674A400BC964F /* AppDelegate.swift */ = {isa = PBXFileReference; lastKnownFileType = sourcecode.swift; path = AppDelegate.swift; sourceTree = "<group>"; };
		A41D277D240674A400BC964F /* SceneDelegate.swift */ = {isa = PBXFileReference; lastKnownFileType = sourcecode.swift; path = SceneDelegate.swift; sourceTree = "<group>"; };
		A41D2784240674A900BC964F /* Assets.xcassets */ = {isa = PBXFileReference; lastKnownFileType = folder.assetcatalog; path = Assets.xcassets; sourceTree = "<group>"; };
		A41D2787240674A900BC964F /* Base */ = {isa = PBXFileReference; lastKnownFileType = file.storyboard; name = Base; path = Base.lproj/LaunchScreen.storyboard; sourceTree = "<group>"; };
		A41D2789240674A900BC964F /* Info.plist */ = {isa = PBXFileReference; lastKnownFileType = text.plist.xml; path = Info.plist; sourceTree = "<group>"; };
		A41D278F2406837600BC964F /* Network.swift */ = {isa = PBXFileReference; lastKnownFileType = sourcecode.swift; path = Network.swift; sourceTree = "<group>"; };
		A443529024113A47008D25D0 /* GoogleService-Info.plist */ = {isa = PBXFileReference; fileEncoding = 4; lastKnownFileType = text.plist.xml; path = "GoogleService-Info.plist"; sourceTree = "<group>"; };
		A5E953CC754A0000153B93CE /* Pods-Coronavirus.debug.xcconfig */ = {isa = PBXFileReference; includeInIndex = 1; lastKnownFileType = text.xcconfig; name = "Pods-Coronavirus.debug.xcconfig"; path = "Target Support Files/Pods-Coronavirus/Pods-Coronavirus.debug.xcconfig"; sourceTree = "<group>"; };
		B619AB4A243B650000118817 /* MainTabViewController.swift */ = {isa = PBXFileReference; lastKnownFileType = sourcecode.swift; path = MainTabViewController.swift; sourceTree = "<group>"; };
		B619AB4C243B663F00118817 /* MapViewController.swift */ = {isa = PBXFileReference; lastKnownFileType = sourcecode.swift; path = MapViewController.swift; sourceTree = "<group>"; };
		B619AB4E243B6DEC00118817 /* MapViewModel.swift */ = {isa = PBXFileReference; lastKnownFileType = sourcecode.swift; path = MapViewModel.swift; sourceTree = "<group>"; };
		B619AB53243B729000118817 /* MapProtocols.swift */ = {isa = PBXFileReference; lastKnownFileType = sourcecode.swift; path = MapProtocols.swift; sourceTree = "<group>"; };
		B619AB55243B7A7E00118817 /* GoogleMapsView.swift */ = {isa = PBXFileReference; lastKnownFileType = sourcecode.swift; path = GoogleMapsView.swift; sourceTree = "<group>"; };
		B619AB57243CBF1400118817 /* BaseProtocol.swift */ = {isa = PBXFileReference; lastKnownFileType = sourcecode.swift; path = BaseProtocol.swift; sourceTree = "<group>"; };
		B6405D2A243CE70C0085289B /* Main.storyboard */ = {isa = PBXFileReference; lastKnownFileType = file.storyboard; path = Main.storyboard; sourceTree = "<group>"; };
		B69B1E21243CD2C6007BFEF0 /* Coronavirus.swift */ = {isa = PBXFileReference; lastKnownFileType = sourcecode.swift; path = Coronavirus.swift; sourceTree = "<group>"; };
		B69B1E27243CDD96007BFEF0 /* CovidTableViewController.swift */ = {isa = PBXFileReference; lastKnownFileType = sourcecode.swift; path = CovidTableViewController.swift; sourceTree = "<group>"; };
		B69B1E29243CDDB2007BFEF0 /* Table.storyboard */ = {isa = PBXFileReference; lastKnownFileType = file.storyboard; path = Table.storyboard; sourceTree = "<group>"; };
		B69B1E2B243CE209007BFEF0 /* TabProtocol.swift */ = {isa = PBXFileReference; lastKnownFileType = sourcecode.swift; path = TabProtocol.swift; sourceTree = "<group>"; };
		B69B1E2D243CE359007BFEF0 /* Map.storyboard */ = {isa = PBXFileReference; lastKnownFileType = file.storyboard; path = Map.storyboard; sourceTree = "<group>"; };
/* End PBXFileReference section */

/* Begin PBXFrameworksBuildPhase section */
		A41D2775240674A400BC964F /* Frameworks */ = {
			isa = PBXFrameworksBuildPhase;
			buildActionMask = 2147483647;
			files = (
				A443B5B324126623001F280E /* Alamofire in Frameworks */,
				B64C8E13243946D4008C016D /* AlamofireImage in Frameworks */,
				1CD8E4DCAEEDDD6D8BAD560F /* libPods-Coronavirus.a in Frameworks */,
			);
			runOnlyForDeploymentPostprocessing = 0;
		};
/* End PBXFrameworksBuildPhase section */

/* Begin PBXGroup section */
		A41D276F240674A400BC964F = {
			isa = PBXGroup;
			children = (
				A41D277A240674A400BC964F /* Coronavirus */,
				A41D2779240674A400BC964F /* Products */,
				D0D04656E354521C5F13AA8A /* Pods */,
				D406271BE61E5B668BD1F560 /* Frameworks */,
			);
			sourceTree = "<group>";
		};
		A41D2779240674A400BC964F /* Products */ = {
			isa = PBXGroup;
			children = (
				A41D2778240674A400BC964F /* Coronavirus.app */,
			);
			name = Products;
			sourceTree = "<group>";
		};
		A41D277A240674A400BC964F /* Coronavirus */ = {
			isa = PBXGroup;
			children = (
				A41D277B240674A400BC964F /* AppDelegate.swift */,
				A41D277D240674A400BC964F /* SceneDelegate.swift */,
				B69B1E20243CD2AC007BFEF0 /* Entity */,
				B619AB47243B649800118817 /* Story */,
				A41D27942406C7AD00BC964F /* Network */,
				A41D2784240674A900BC964F /* Assets.xcassets */,
				A41D2786240674A900BC964F /* LaunchScreen.storyboard */,
				A443529024113A47008D25D0 /* GoogleService-Info.plist */,
				A41D2789240674A900BC964F /* Info.plist */,
			);
			path = Coronavirus;
			sourceTree = "<group>";
		};
		A41D27942406C7AD00BC964F /* Network */ = {
			isa = PBXGroup;
			children = (
				A41D278F2406837600BC964F /* Network.swift */,
			);
			path = Network;
			sourceTree = "<group>";
		};
		B619AB47243B649800118817 /* Story */ = {
			isa = PBXGroup;
			children = (
				B619AB57243CBF1400118817 /* BaseProtocol.swift */,
				B619AB48243B64AB00118817 /* TabController */,
			);
			path = Story;
			sourceTree = "<group>";
		};
		B619AB48243B64AB00118817 /* TabController */ = {
			isa = PBXGroup;
			children = (
				B69B1E2B243CE209007BFEF0 /* TabProtocol.swift */,
				B619AB4A243B650000118817 /* MainTabViewController.swift */,
				B6405D2A243CE70C0085289B /* Main.storyboard */,
				B619AB49243B64CC00118817 /* Map */,
				B69B1E23243CDD2D007BFEF0 /* Table */,
			);
			path = TabController;
			sourceTree = "<group>";
		};
		B619AB49243B64CC00118817 /* Map */ = {
			isa = PBXGroup;
			children = (
				B619AB53243B729000118817 /* MapProtocols.swift */,
				B69B1E2D243CE359007BFEF0 /* Map.storyboard */,
				B619AB50243B726600118817 /* Model */,
				B619AB52243B727100118817 /* View */,
				B619AB51243B726B00118817 /* Controller */,
			);
			path = Map;
			sourceTree = "<group>";
		};
		B619AB50243B726600118817 /* Model */ = {
			isa = PBXGroup;
			children = (
				B619AB4E243B6DEC00118817 /* MapViewModel.swift */,
			);
			path = Model;
			sourceTree = "<group>";
		};
		B619AB51243B726B00118817 /* Controller */ = {
			isa = PBXGroup;
			children = (
				B619AB4C243B663F00118817 /* MapViewController.swift */,
			);
			path = Controller;
			sourceTree = "<group>";
		};
		B619AB52243B727100118817 /* View */ = {
			isa = PBXGroup;
			children = (
				B619AB55243B7A7E00118817 /* GoogleMapsView.swift */,
			);
			path = View;
			sourceTree = "<group>";
		};
		B69B1E20243CD2AC007BFEF0 /* Entity */ = {
			isa = PBXGroup;
			children = (
				B69B1E21243CD2C6007BFEF0 /* Coronavirus.swift */,
			);
			path = Entity;
			sourceTree = "<group>";
		};
		B69B1E23243CDD2D007BFEF0 /* Table */ = {
			isa = PBXGroup;
			children = (
				B69B1E29243CDDB2007BFEF0 /* Table.storyboard */,
				B69B1E25243CDD4B007BFEF0 /* Model */,
				B69B1E24243CDD45007BFEF0 /* View */,
				B69B1E26243CDD53007BFEF0 /* Controller */,
			);
			path = Table;
			sourceTree = "<group>";
		};
		B69B1E24243CDD45007BFEF0 /* View */ = {
			isa = PBXGroup;
			children = (
			);
			path = View;
			sourceTree = "<group>";
		};
		B69B1E25243CDD4B007BFEF0 /* Model */ = {
			isa = PBXGroup;
			children = (
			);
			path = Model;
			sourceTree = "<group>";
		};
		B69B1E26243CDD53007BFEF0 /* Controller */ = {
			isa = PBXGroup;
			children = (
				B69B1E27243CDD96007BFEF0 /* CovidTableViewController.swift */,
			);
			path = Controller;
			sourceTree = "<group>";
		};
		D0D04656E354521C5F13AA8A /* Pods */ = {
			isa = PBXGroup;
			children = (
				A5E953CC754A0000153B93CE /* Pods-Coronavirus.debug.xcconfig */,
				25EF74D3840D18FAFF6F2F4A /* Pods-Coronavirus.release.xcconfig */,
			);
			path = Pods;
			sourceTree = "<group>";
		};
		D406271BE61E5B668BD1F560 /* Frameworks */ = {
			isa = PBXGroup;
			children = (
				20AB6969D398E876C3A2B240 /* libPods-Coronavirus.a */,
			);
			name = Frameworks;
			sourceTree = "<group>";
		};
/* End PBXGroup section */

/* Begin PBXNativeTarget section */
		A41D2777240674A400BC964F /* Coronavirus */ = {
			isa = PBXNativeTarget;
			buildConfigurationList = A41D278C240674A900BC964F /* Build configuration list for PBXNativeTarget "Coronavirus" */;
			buildPhases = (
				19F3D83EDD6F7416A91479E5 /* [CP] Check Pods Manifest.lock */,
				A41D2774240674A400BC964F /* Sources */,
				A41D2775240674A400BC964F /* Frameworks */,
				A41D2776240674A400BC964F /* Resources */,
				E66C8B8F54F92DF3BA5BA19D /* [CP] Copy Pods Resources */,
			);
			buildRules = (
			);
			dependencies = (
			);
			name = Coronavirus;
			packageProductDependencies = (
				A443B5B224126623001F280E /* Alamofire */,
				B64C8E12243946D4008C016D /* AlamofireImage */,
			);
			productName = Coronavirus;
			productReference = A41D2778240674A400BC964F /* Coronavirus.app */;
			productType = "com.apple.product-type.application";
		};
/* End PBXNativeTarget section */

/* Begin PBXProject section */
		A41D2770240674A400BC964F /* Project object */ = {
			isa = PBXProject;
			attributes = {
				LastSwiftUpdateCheck = 1130;
				LastUpgradeCheck = 1130;
				ORGANIZATIONNAME = Biolazard;
				TargetAttributes = {
					A41D2777240674A400BC964F = {
						CreatedOnToolsVersion = 11.3.1;
					};
				};
			};
			buildConfigurationList = A41D2773240674A400BC964F /* Build configuration list for PBXProject "Coronavirus" */;
			compatibilityVersion = "Xcode 9.3";
			developmentRegion = en;
			hasScannedForEncodings = 0;
			knownRegions = (
				en,
				Base,
			);
			mainGroup = A41D276F240674A400BC964F;
			packageReferences = (
				A443B5B124126623001F280E /* XCRemoteSwiftPackageReference "Alamofire" */,
				B64C8E11243946D4008C016D /* XCRemoteSwiftPackageReference "AlamofireImage" */,
			);
			productRefGroup = A41D2779240674A400BC964F /* Products */;
			projectDirPath = "";
			projectRoot = "";
			targets = (
				A41D2777240674A400BC964F /* Coronavirus */,
			);
		};
/* End PBXProject section */

/* Begin PBXResourcesBuildPhase section */
		A41D2776240674A400BC964F /* Resources */ = {
			isa = PBXResourcesBuildPhase;
			buildActionMask = 2147483647;
			files = (
				A41D2788240674A900BC964F /* LaunchScreen.storyboard in Resources */,
				A443529124113A47008D25D0 /* GoogleService-Info.plist in Resources */,
				B69B1E2A243CDDB2007BFEF0 /* Table.storyboard in Resources */,
				A41D2785240674A900BC964F /* Assets.xcassets in Resources */,
				B6405D2B243CE70C0085289B /* Main.storyboard in Resources */,
				B69B1E2E243CE359007BFEF0 /* Map.storyboard in Resources */,
			);
			runOnlyForDeploymentPostprocessing = 0;
		};
/* End PBXResourcesBuildPhase section */

/* Begin PBXShellScriptBuildPhase section */
		19F3D83EDD6F7416A91479E5 /* [CP] Check Pods Manifest.lock */ = {
			isa = PBXShellScriptBuildPhase;
			buildActionMask = 2147483647;
			files = (
			);
			inputFileListPaths = (
			);
			inputPaths = (
				"${PODS_PODFILE_DIR_PATH}/Podfile.lock",
				"${PODS_ROOT}/Manifest.lock",
			);
			name = "[CP] Check Pods Manifest.lock";
			outputFileListPaths = (
			);
			outputPaths = (
				"$(DERIVED_FILE_DIR)/Pods-Coronavirus-checkManifestLockResult.txt",
			);
			runOnlyForDeploymentPostprocessing = 0;
			shellPath = /bin/sh;
			shellScript = "diff \"${PODS_PODFILE_DIR_PATH}/Podfile.lock\" \"${PODS_ROOT}/Manifest.lock\" > /dev/null\nif [ $? != 0 ] ; then\n    # print error to STDERR\n    echo \"error: The sandbox is not in sync with the Podfile.lock. Run 'pod install' or update your CocoaPods installation.\" >&2\n    exit 1\nfi\n# This output is used by Xcode 'outputs' to avoid re-running this script phase.\necho \"SUCCESS\" > \"${SCRIPT_OUTPUT_FILE_0}\"\n";
			showEnvVarsInLog = 0;
		};
		E66C8B8F54F92DF3BA5BA19D /* [CP] Copy Pods Resources */ = {
			isa = PBXShellScriptBuildPhase;
			buildActionMask = 2147483647;
			files = (
			);
			inputFileListPaths = (
				"${PODS_ROOT}/Target Support Files/Pods-Coronavirus/Pods-Coronavirus-resources-${CONFIGURATION}-input-files.xcfilelist",
			);
			name = "[CP] Copy Pods Resources";
			outputFileListPaths = (
				"${PODS_ROOT}/Target Support Files/Pods-Coronavirus/Pods-Coronavirus-resources-${CONFIGURATION}-output-files.xcfilelist",
			);
			runOnlyForDeploymentPostprocessing = 0;
			shellPath = /bin/sh;
			shellScript = "\"${PODS_ROOT}/Target Support Files/Pods-Coronavirus/Pods-Coronavirus-resources.sh\"\n";
			showEnvVarsInLog = 0;
		};
/* End PBXShellScriptBuildPhase section */

/* Begin PBXSourcesBuildPhase section */
		A41D2774240674A400BC964F /* Sources */ = {
			isa = PBXSourcesBuildPhase;
			buildActionMask = 2147483647;
			files = (
				B619AB58243CBF1400118817 /* BaseProtocol.swift in Sources */,
				A41D277C240674A400BC964F /* AppDelegate.swift in Sources */,
				B619AB56243B7A7E00118817 /* GoogleMapsView.swift in Sources */,
				B619AB4B243B650000118817 /* MainTabViewController.swift in Sources */,
				A41D27902406837700BC964F /* Network.swift in Sources */,
				B69B1E2C243CE209007BFEF0 /* TabProtocol.swift in Sources */,
				B619AB4D243B663F00118817 /* MapViewController.swift in Sources */,
				B69B1E28243CDD96007BFEF0 /* CovidTableViewController.swift in Sources */,
				A41D277E240674A400BC964F /* SceneDelegate.swift in Sources */,
				B619AB4F243B6DEC00118817 /* MapViewModel.swift in Sources */,
				B619AB54243B729000118817 /* MapProtocols.swift in Sources */,
				B69B1E22243CD2C6007BFEF0 /* Coronavirus.swift in Sources */,
			);
			runOnlyForDeploymentPostprocessing = 0;
		};
/* End PBXSourcesBuildPhase section */

/* Begin PBXVariantGroup section */
		A41D2786240674A900BC964F /* LaunchScreen.storyboard */ = {
			isa = PBXVariantGroup;
			children = (
				A41D2787240674A900BC964F /* Base */,
			);
			name = LaunchScreen.storyboard;
			sourceTree = "<group>";
		};
/* End PBXVariantGroup section */

/* Begin XCBuildConfiguration section */
		A41D278A240674A900BC964F /* Debug */ = {
			isa = XCBuildConfiguration;
			buildSettings = {
				ALWAYS_SEARCH_USER_PATHS = NO;
				CLANG_ANALYZER_NONNULL = YES;
				CLANG_ANALYZER_NUMBER_OBJECT_CONVERSION = YES_AGGRESSIVE;
				CLANG_CXX_LANGUAGE_STANDARD = "gnu++14";
				CLANG_CXX_LIBRARY = "libc++";
				CLANG_ENABLE_MODULES = YES;
				CLANG_ENABLE_OBJC_ARC = YES;
				CLANG_ENABLE_OBJC_WEAK = YES;
				CLANG_WARN_BLOCK_CAPTURE_AUTORELEASING = YES;
				CLANG_WARN_BOOL_CONVERSION = YES;
				CLANG_WARN_COMMA = YES;
				CLANG_WARN_CONSTANT_CONVERSION = YES;
				CLANG_WARN_DEPRECATED_OBJC_IMPLEMENTATIONS = YES;
				CLANG_WARN_DIRECT_OBJC_ISA_USAGE = YES_ERROR;
				CLANG_WARN_DOCUMENTATION_COMMENTS = YES;
				CLANG_WARN_EMPTY_BODY = YES;
				CLANG_WARN_ENUM_CONVERSION = YES;
				CLANG_WARN_INFINITE_RECURSION = YES;
				CLANG_WARN_INT_CONVERSION = YES;
				CLANG_WARN_NON_LITERAL_NULL_CONVERSION = YES;
				CLANG_WARN_OBJC_IMPLICIT_RETAIN_SELF = YES;
				CLANG_WARN_OBJC_LITERAL_CONVERSION = YES;
				CLANG_WARN_OBJC_ROOT_CLASS = YES_ERROR;
				CLANG_WARN_RANGE_LOOP_ANALYSIS = YES;
				CLANG_WARN_STRICT_PROTOTYPES = YES;
				CLANG_WARN_SUSPICIOUS_MOVE = YES;
				CLANG_WARN_UNGUARDED_AVAILABILITY = YES_AGGRESSIVE;
				CLANG_WARN_UNREACHABLE_CODE = YES;
				CLANG_WARN__DUPLICATE_METHOD_MATCH = YES;
				COPY_PHASE_STRIP = NO;
				DEBUG_INFORMATION_FORMAT = dwarf;
				ENABLE_STRICT_OBJC_MSGSEND = YES;
				ENABLE_TESTABILITY = YES;
				GCC_C_LANGUAGE_STANDARD = gnu11;
				GCC_DYNAMIC_NO_PIC = NO;
				GCC_NO_COMMON_BLOCKS = YES;
				GCC_OPTIMIZATION_LEVEL = 0;
				GCC_PREPROCESSOR_DEFINITIONS = (
					"DEBUG=1",
					"$(inherited)",
				);
				GCC_WARN_64_TO_32_BIT_CONVERSION = YES;
				GCC_WARN_ABOUT_RETURN_TYPE = YES_ERROR;
				GCC_WARN_UNDECLARED_SELECTOR = YES;
				GCC_WARN_UNINITIALIZED_AUTOS = YES_AGGRESSIVE;
				GCC_WARN_UNUSED_FUNCTION = YES;
				GCC_WARN_UNUSED_VARIABLE = YES;
				IPHONEOS_DEPLOYMENT_TARGET = 13.2;
				MTL_ENABLE_DEBUG_INFO = INCLUDE_SOURCE;
				MTL_FAST_MATH = YES;
				ONLY_ACTIVE_ARCH = YES;
				SDKROOT = iphoneos;
				SWIFT_ACTIVE_COMPILATION_CONDITIONS = DEBUG;
				SWIFT_OPTIMIZATION_LEVEL = "-Onone";
			};
			name = Debug;
		};
		A41D278B240674A900BC964F /* Release */ = {
			isa = XCBuildConfiguration;
			buildSettings = {
				ALWAYS_SEARCH_USER_PATHS = NO;
				CLANG_ANALYZER_NONNULL = YES;
				CLANG_ANALYZER_NUMBER_OBJECT_CONVERSION = YES_AGGRESSIVE;
				CLANG_CXX_LANGUAGE_STANDARD = "gnu++14";
				CLANG_CXX_LIBRARY = "libc++";
				CLANG_ENABLE_MODULES = YES;
				CLANG_ENABLE_OBJC_ARC = YES;
				CLANG_ENABLE_OBJC_WEAK = YES;
				CLANG_WARN_BLOCK_CAPTURE_AUTORELEASING = YES;
				CLANG_WARN_BOOL_CONVERSION = YES;
				CLANG_WARN_COMMA = YES;
				CLANG_WARN_CONSTANT_CONVERSION = YES;
				CLANG_WARN_DEPRECATED_OBJC_IMPLEMENTATIONS = YES;
				CLANG_WARN_DIRECT_OBJC_ISA_USAGE = YES_ERROR;
				CLANG_WARN_DOCUMENTATION_COMMENTS = YES;
				CLANG_WARN_EMPTY_BODY = YES;
				CLANG_WARN_ENUM_CONVERSION = YES;
				CLANG_WARN_INFINITE_RECURSION = YES;
				CLANG_WARN_INT_CONVERSION = YES;
				CLANG_WARN_NON_LITERAL_NULL_CONVERSION = YES;
				CLANG_WARN_OBJC_IMPLICIT_RETAIN_SELF = YES;
				CLANG_WARN_OBJC_LITERAL_CONVERSION = YES;
				CLANG_WARN_OBJC_ROOT_CLASS = YES_ERROR;
				CLANG_WARN_RANGE_LOOP_ANALYSIS = YES;
				CLANG_WARN_STRICT_PROTOTYPES = YES;
				CLANG_WARN_SUSPICIOUS_MOVE = YES;
				CLANG_WARN_UNGUARDED_AVAILABILITY = YES_AGGRESSIVE;
				CLANG_WARN_UNREACHABLE_CODE = YES;
				CLANG_WARN__DUPLICATE_METHOD_MATCH = YES;
				COPY_PHASE_STRIP = NO;
				DEBUG_INFORMATION_FORMAT = "dwarf-with-dsym";
				ENABLE_NS_ASSERTIONS = NO;
				ENABLE_STRICT_OBJC_MSGSEND = YES;
				GCC_C_LANGUAGE_STANDARD = gnu11;
				GCC_NO_COMMON_BLOCKS = YES;
				GCC_WARN_64_TO_32_BIT_CONVERSION = YES;
				GCC_WARN_ABOUT_RETURN_TYPE = YES_ERROR;
				GCC_WARN_UNDECLARED_SELECTOR = YES;
				GCC_WARN_UNINITIALIZED_AUTOS = YES_AGGRESSIVE;
				GCC_WARN_UNUSED_FUNCTION = YES;
				GCC_WARN_UNUSED_VARIABLE = YES;
				IPHONEOS_DEPLOYMENT_TARGET = 13.2;
				MTL_ENABLE_DEBUG_INFO = NO;
				MTL_FAST_MATH = YES;
				SDKROOT = iphoneos;
				SWIFT_COMPILATION_MODE = wholemodule;
				SWIFT_OPTIMIZATION_LEVEL = "-O";
				VALIDATE_PRODUCT = YES;
			};
			name = Release;
		};
		A41D278D240674A900BC964F /* Debug */ = {
			isa = XCBuildConfiguration;
			baseConfigurationReference = A5E953CC754A0000153B93CE /* Pods-Coronavirus.debug.xcconfig */;
			buildSettings = {
				ASSETCATALOG_COMPILER_APPICON_NAME = AppIcon;
				CODE_SIGN_STYLE = Automatic;
				CURRENT_PROJECT_VERSION = 0.1;
				DEVELOPMENT_TEAM = 983JKELL9A;
				INFOPLIST_FILE = Coronavirus/Info.plist;
				IPHONEOS_DEPLOYMENT_TARGET = 13.0;
				LD_RUNPATH_SEARCH_PATHS = (
					"$(inherited)",
					"@executable_path/Frameworks",
				);
				PRODUCT_BUNDLE_IDENTIFIER = com.biolazard.coronavirus;
				PRODUCT_NAME = "$(TARGET_NAME)";
				SWIFT_VERSION = 5.0;
				TARGETED_DEVICE_FAMILY = 1;
			};
			name = Debug;
		};
		A41D278E240674A900BC964F /* Release */ = {
			isa = XCBuildConfiguration;
			baseConfigurationReference = 25EF74D3840D18FAFF6F2F4A /* Pods-Coronavirus.release.xcconfig */;
			buildSettings = {
				ASSETCATALOG_COMPILER_APPICON_NAME = AppIcon;
				CODE_SIGN_STYLE = Automatic;
				CURRENT_PROJECT_VERSION = 0.1;
				DEVELOPMENT_TEAM = 983JKELL9A;
				INFOPLIST_FILE = Coronavirus/Info.plist;
				IPHONEOS_DEPLOYMENT_TARGET = 13.0;
				LD_RUNPATH_SEARCH_PATHS = (
					"$(inherited)",
					"@executable_path/Frameworks",
				);
				PRODUCT_BUNDLE_IDENTIFIER = com.biolazard.coronavirus;
				PRODUCT_NAME = "$(TARGET_NAME)";
				SWIFT_VERSION = 5.0;
				TARGETED_DEVICE_FAMILY = 1;
			};
			name = Release;
		};
/* End XCBuildConfiguration section */

/* Begin XCConfigurationList section */
		A41D2773240674A400BC964F /* Build configuration list for PBXProject "Coronavirus" */ = {
			isa = XCConfigurationList;
			buildConfigurations = (
				A41D278A240674A900BC964F /* Debug */,
				A41D278B240674A900BC964F /* Release */,
			);
			defaultConfigurationIsVisible = 0;
			defaultConfigurationName = Release;
		};
		A41D278C240674A900BC964F /* Build configuration list for PBXNativeTarget "Coronavirus" */ = {
			isa = XCConfigurationList;
			buildConfigurations = (
				A41D278D240674A900BC964F /* Debug */,
				A41D278E240674A900BC964F /* Release */,
			);
			defaultConfigurationIsVisible = 0;
			defaultConfigurationName = Release;
		};
/* End XCConfigurationList section */

/* Begin XCRemoteSwiftPackageReference section */
		A443B5B124126623001F280E /* XCRemoteSwiftPackageReference "Alamofire" */ = {
			isa = XCRemoteSwiftPackageReference;
			repositoryURL = "https://github.com/Alamofire/Alamofire.git";
			requirement = {
				kind = upToNextMajorVersion;
				minimumVersion = 5.0.2;
			};
		};
		B64C8E11243946D4008C016D /* XCRemoteSwiftPackageReference "AlamofireImage" */ = {
			isa = XCRemoteSwiftPackageReference;
			repositoryURL = "https://github.com/Alamofire/AlamofireImage.git";
			requirement = {
				kind = upToNextMajorVersion;
				minimumVersion = 4.0.3;
			};
		};
/* End XCRemoteSwiftPackageReference section */

/* Begin XCSwiftPackageProductDependency section */
		A443B5B224126623001F280E /* Alamofire */ = {
			isa = XCSwiftPackageProductDependency;
			package = A443B5B124126623001F280E /* XCRemoteSwiftPackageReference "Alamofire" */;
			productName = Alamofire;
		};
		B64C8E12243946D4008C016D /* AlamofireImage */ = {
			isa = XCSwiftPackageProductDependency;
			package = B64C8E11243946D4008C016D /* XCRemoteSwiftPackageReference "AlamofireImage" */;
			productName = AlamofireImage;
		};
/* End XCSwiftPackageProductDependency section */
	};
	rootObject = A41D2770240674A400BC964F /* Project object */;
}
